
Microsoft Visual Studio Solution File, Format Version 12.00
# Visual Studio 15
VisualStudioVersion = 15.0.27130.2003
MinimumVisualStudioVersion = 10.0.40219.1
Project("{FAE04EC0-301F-11D3-BF4B-00C04F79EFBC}") = "Personal Assistant", "Personal Assistant\Personal Assistant.csproj", "{0987C1B9-815D-429D-BDA2-7EE2730B9F0D}"
EndProject
Global
	GlobalSection(SolutionConfigurationPlatforms) = preSolution
		Debug|Any CPU = Debug|Any CPU
		Release|Any CPU = Release|Any CPU
	EndGlobalSection
	GlobalSection(ProjectConfigurationPlatforms) = postSolution
		{0987C1B9-815D-429D-BDA2-7EE2730B9F0D}.Debug|Any CPU.ActiveCfg = Debug|Any CPU
		{0987C1B9-815D-429D-BDA2-7EE2730B9F0D}.Debug|Any CPU.Build.0 = Debug|Any CPU
		{0987C1B9-815D-429D-BDA2-7EE2730B9F0D}.Release|Any CPU.ActiveCfg = Release|Any CPU
		{0987C1B9-815D-429D-BDA2-7EE2730B9F0D}.Release|Any CPU.Build.0 = Release|Any CPU
	EndGlobalSection
	GlobalSection(SolutionProperties) = preSolution
		HideSolutionNode = FALSE
	EndGlobalSection
	GlobalSection(ExtensibilityGlobals) = postSolution
		SolutionGuid = {115DF1E5-ED47-4741-B0E3-FFBDC6E59EB2}
	EndGlobalSection
EndGlobal
